
Microsoft Visual Studio Solution File, Format Version 12.00
# Visual Studio 2012
Project("{FAE04EC0-301F-11D3-BF4B-00C04F79EFBC}") = "GitPhoneApp", "GitPhoneApp\GitPhoneApp.csproj", "{EC0F743B-4709-465B-8A9A-9F6C9D89521B}"
EndProject
Global
	GlobalSection(SolutionConfigurationPlatforms) = preSolution
		Debug|Any CPU = Debug|Any CPU
		Debug|ARM = Debug|ARM
		Debug|x86 = Debug|x86
		Release|Any CPU = Release|Any CPU
		Release|ARM = Release|ARM
		Release|x86 = Release|x86
	EndGlobalSection
	GlobalSection(ProjectConfigurationPlatforms) = postSolution
		{EC0F743B-4709-465B-8A9A-9F6C9D89521B}.Debug|Any CPU.ActiveCfg = Debug|Any CPU
		{EC0F743B-4709-465B-8A9A-9F6C9D89521B}.Debug|Any CPU.Build.0 = Debug|Any CPU
		{EC0F743B-4709-465B-8A9A-9F6C9D89521B}.Debug|Any CPU.Deploy.0 = Debug|Any CPU
		{EC0F743B-4709-465B-8A9A-9F6C9D89521B}.Debug|ARM.ActiveCfg = Debug|ARM
		{EC0F743B-4709-465B-8A9A-9F6C9D89521B}.Debug|ARM.Build.0 = Debug|ARM
		{EC0F743B-4709-465B-8A9A-9F6C9D89521B}.Debug|ARM.Deploy.0 = Debug|ARM
		{EC0F743B-4709-465B-8A9A-9F6C9D89521B}.Debug|x86.ActiveCfg = Debug|x86
		{EC0F743B-4709-465B-8A9A-9F6C9D89521B}.Debug|x86.Build.0 = Debug|x86
		{EC0F743B-4709-465B-8A9A-9F6C9D89521B}.Debug|x86.Deploy.0 = Debug|x86
		{EC0F743B-4709-465B-8A9A-9F6C9D89521B}.Release|Any CPU.ActiveCfg = Release|Any CPU
		{EC0F743B-4709-465B-8A9A-9F6C9D89521B}.Release|Any CPU.Build.0 = Release|Any CPU
		{EC0F743B-4709-465B-8A9A-9F6C9D89521B}.Release|Any CPU.Deploy.0 = Release|Any CPU
		{EC0F743B-4709-465B-8A9A-9F6C9D89521B}.Release|ARM.ActiveCfg = Release|ARM
		{EC0F743B-4709-465B-8A9A-9F6C9D89521B}.Release|ARM.Build.0 = Release|ARM
		{EC0F743B-4709-465B-8A9A-9F6C9D89521B}.Release|ARM.Deploy.0 = Release|ARM
		{EC0F743B-4709-465B-8A9A-9F6C9D89521B}.Release|x86.ActiveCfg = Release|x86
		{EC0F743B-4709-465B-8A9A-9F6C9D89521B}.Release|x86.Build.0 = Release|x86
		{EC0F743B-4709-465B-8A9A-9F6C9D89521B}.Release|x86.Deploy.0 = Release|x86
	EndGlobalSection
	GlobalSection(SolutionProperties) = preSolution
		HideSolutionNode = FALSE
	EndGlobalSection
EndGlobal
